// !$*UTF8*$!
{
	archiveVersion = 1;
	classes = {
	};
	objectVersion = 48;
	objects = {

/* Begin PBXBuildFile section */
		C2BEE905202191F500CEDCAC /* Money.swift in Sources */ = {isa = PBXBuildFile; fileRef = C2BEE904202191F500CEDCAC /* Money.swift */; };
		C2BEE9072021BD2500CEDCAC /* Expression.swift in Sources */ = {isa = PBXBuildFile; fileRef = C2BEE9062021BD2500CEDCAC /* Expression.swift */; };
		C2BEE9092021BD9200CEDCAC /* Bank.swift in Sources */ = {isa = PBXBuildFile; fileRef = C2BEE9082021BD9200CEDCAC /* Bank.swift */; };
		C2BEE90B2021BF9200CEDCAC /* Sum.swift in Sources */ = {isa = PBXBuildFile; fileRef = C2BEE90A2021BF9200CEDCAC /* Sum.swift */; };
		C2C0F1B320215FBC003687CD /* AppDelegate.swift in Sources */ = {isa = PBXBuildFile; fileRef = C2C0F1B220215FBC003687CD /* AppDelegate.swift */; };
		C2C0F1B520215FBC003687CD /* ViewController.swift in Sources */ = {isa = PBXBuildFile; fileRef = C2C0F1B420215FBC003687CD /* ViewController.swift */; };
		C2C0F1B820215FBC003687CD /* Main.storyboard in Resources */ = {isa = PBXBuildFile; fileRef = C2C0F1B620215FBC003687CD /* Main.storyboard */; };
		C2C0F1BA20215FBC003687CD /* Assets.xcassets in Resources */ = {isa = PBXBuildFile; fileRef = C2C0F1B920215FBC003687CD /* Assets.xcassets */; };
		C2C0F1BD20215FBC003687CD /* LaunchScreen.storyboard in Resources */ = {isa = PBXBuildFile; fileRef = C2C0F1BB20215FBC003687CD /* LaunchScreen.storyboard */; };
		C2C0F1CB2021632F003687CD /* TDD_BOOKTests.swift in Sources */ = {isa = PBXBuildFile; fileRef = C2C0F1CA2021632F003687CD /* TDD_BOOKTests.swift */; };
/* End PBXBuildFile section */

/* Begin PBXContainerItemProxy section */
		C2C0F1CD2021632F003687CD /* PBXContainerItemProxy */ = {
			isa = PBXContainerItemProxy;
			containerPortal = C2C0F1A720215FBC003687CD /* Project object */;
			proxyType = 1;
			remoteGlobalIDString = C2C0F1AE20215FBC003687CD;
			remoteInfo = TDD_BOOK;
		};
/* End PBXContainerItemProxy section */

/* Begin PBXFileReference section */
		C2BEE904202191F500CEDCAC /* Money.swift */ = {isa = PBXFileReference; lastKnownFileType = sourcecode.swift; path = Money.swift; sourceTree = "<group>"; };
		C2BEE9062021BD2500CEDCAC /* Expression.swift */ = {isa = PBXFileReference; lastKnownFileType = sourcecode.swift; path = Expression.swift; sourceTree = "<group>"; };
		C2BEE9082021BD9200CEDCAC /* Bank.swift */ = {isa = PBXFileReference; lastKnownFileType = sourcecode.swift; path = Bank.swift; sourceTree = "<group>"; };
		C2BEE90A2021BF9200CEDCAC /* Sum.swift */ = {isa = PBXFileReference; lastKnownFileType = sourcecode.swift; path = Sum.swift; sourceTree = "<group>"; };
		C2C0F1AF20215FBC003687CD /* TDD_BOOK.app */ = {isa = PBXFileReference; explicitFileType = wrapper.application; includeInIndex = 0; path = TDD_BOOK.app; sourceTree = BUILT_PRODUCTS_DIR; };
		C2C0F1B220215FBC003687CD /* AppDelegate.swift */ = {isa = PBXFileReference; lastKnownFileType = sourcecode.swift; path = AppDelegate.swift; sourceTree = "<group>"; };
		C2C0F1B420215FBC003687CD /* ViewController.swift */ = {isa = PBXFileReference; lastKnownFileType = sourcecode.swift; path = ViewController.swift; sourceTree = "<group>"; };
		C2C0F1B720215FBC003687CD /* Base */ = {isa = PBXFileReference; lastKnownFileType = file.storyboard; name = Base; path = Base.lproj/Main.storyboard; sourceTree = "<group>"; };
		C2C0F1B920215FBC003687CD /* Assets.xcassets */ = {isa = PBXFileReference; lastKnownFileType = folder.assetcatalog; path = Assets.xcassets; sourceTree = "<group>"; };
		C2C0F1BC20215FBC003687CD /* Base */ = {isa = PBXFileReference; lastKnownFileType = file.storyboard; name = Base; path = Base.lproj/LaunchScreen.storyboard; sourceTree = "<group>"; };
		C2C0F1BE20215FBC003687CD /* Info.plist */ = {isa = PBXFileReference; lastKnownFileType = text.plist.xml; path = Info.plist; sourceTree = "<group>"; };
		C2C0F1C82021632F003687CD /* TDD_BOOKTests.xctest */ = {isa = PBXFileReference; explicitFileType = wrapper.cfbundle; includeInIndex = 0; path = TDD_BOOKTests.xctest; sourceTree = BUILT_PRODUCTS_DIR; };
		C2C0F1CA2021632F003687CD /* TDD_BOOKTests.swift */ = {isa = PBXFileReference; lastKnownFileType = sourcecode.swift; path = TDD_BOOKTests.swift; sourceTree = "<group>"; };
		C2C0F1CC2021632F003687CD /* Info.plist */ = {isa = PBXFileReference; lastKnownFileType = text.plist.xml; path = Info.plist; sourceTree = "<group>"; };
/* End PBXFileReference section */

/* Begin PBXFrameworksBuildPhase section */
		C2C0F1AC20215FBC003687CD /* Frameworks */ = {
			isa = PBXFrameworksBuildPhase;
			buildActionMask = 2147483647;
			files = (
			);
			runOnlyForDeploymentPostprocessing = 0;
		};
		C2C0F1C52021632F003687CD /* Frameworks */ = {
			isa = PBXFrameworksBuildPhase;
			buildActionMask = 2147483647;
			files = (
			);
			runOnlyForDeploymentPostprocessing = 0;
		};
/* End PBXFrameworksBuildPhase section */

/* Begin PBXGroup section */
		C2C0F1A620215FBC003687CD = {
			isa = PBXGroup;
			children = (
				C2C0F1B120215FBC003687CD /* TDD_BOOK */,
				C2C0F1C92021632F003687CD /* TDD_BOOKTests */,
				C2C0F1B020215FBC003687CD /* Products */,
			);
			sourceTree = "<group>";
		};
		C2C0F1B020215FBC003687CD /* Products */ = {
			isa = PBXGroup;
			children = (
				C2C0F1AF20215FBC003687CD /* TDD_BOOK.app */,
				C2C0F1C82021632F003687CD /* TDD_BOOKTests.xctest */,
			);
			name = Products;
			sourceTree = "<group>";
		};
		C2C0F1B120215FBC003687CD /* TDD_BOOK */ = {
			isa = PBXGroup;
			children = (
				C2C0F1B220215FBC003687CD /* AppDelegate.swift */,
				C2C0F1B420215FBC003687CD /* ViewController.swift */,
				C2BEE904202191F500CEDCAC /* Money.swift */,
				C2BEE9062021BD2500CEDCAC /* Expression.swift */,
				C2BEE9082021BD9200CEDCAC /* Bank.swift */,
				C2BEE90A2021BF9200CEDCAC /* Sum.swift */,
				C2C0F1B620215FBC003687CD /* Main.storyboard */,
				C2C0F1B920215FBC003687CD /* Assets.xcassets */,
				C2C0F1BB20215FBC003687CD /* LaunchScreen.storyboard */,
				C2C0F1BE20215FBC003687CD /* Info.plist */,
			);
			path = TDD_BOOK;
			sourceTree = "<group>";
		};
		C2C0F1C92021632F003687CD /* TDD_BOOKTests */ = {
			isa = PBXGroup;
			children = (
				C2C0F1CA2021632F003687CD /* TDD_BOOKTests.swift */,
				C2C0F1CC2021632F003687CD /* Info.plist */,
			);
			path = TDD_BOOKTests;
			sourceTree = "<group>";
		};
/* End PBXGroup section */

/* Begin PBXNativeTarget section */
		C2C0F1AE20215FBC003687CD /* TDD_BOOK */ = {
			isa = PBXNativeTarget;
			buildConfigurationList = C2C0F1C120215FBC003687CD /* Build configuration list for PBXNativeTarget "TDD_BOOK" */;
			buildPhases = (
				C2C0F1AB20215FBC003687CD /* Sources */,
				C2C0F1AC20215FBC003687CD /* Frameworks */,
				C2C0F1AD20215FBC003687CD /* Resources */,
			);
			buildRules = (
			);
			dependencies = (
			);
			name = TDD_BOOK;
			productName = TDD_BOOK;
			productReference = C2C0F1AF20215FBC003687CD /* TDD_BOOK.app */;
			productType = "com.apple.product-type.application";
		};
		C2C0F1C72021632F003687CD /* TDD_BOOKTests */ = {
			isa = PBXNativeTarget;
			buildConfigurationList = C2C0F1CF2021632F003687CD /* Build configuration list for PBXNativeTarget "TDD_BOOKTests" */;
			buildPhases = (
				C2C0F1C42021632F003687CD /* Sources */,
				C2C0F1C52021632F003687CD /* Frameworks */,
				C2C0F1C62021632F003687CD /* Resources */,
			);
			buildRules = (
			);
			dependencies = (
				C2C0F1CE2021632F003687CD /* PBXTargetDependency */,
			);
			name = TDD_BOOKTests;
			productName = TDD_BOOKTests;
			productReference = C2C0F1C82021632F003687CD /* TDD_BOOKTests.xctest */;
			productType = "com.apple.product-type.bundle.unit-test";
		};
/* End PBXNativeTarget section */

/* Begin PBXProject section */
		C2C0F1A720215FBC003687CD /* Project object */ = {
			isa = PBXProject;
			attributes = {
				LastSwiftUpdateCheck = 0920;
				LastUpgradeCheck = 0920;
				ORGANIZATIONNAME = "小島徹也";
				TargetAttributes = {
					C2C0F1AE20215FBC003687CD = {
						CreatedOnToolsVersion = 9.2;
						ProvisioningStyle = Automatic;
					};
					C2C0F1C72021632F003687CD = {
						CreatedOnToolsVersion = 9.2;
						ProvisioningStyle = Automatic;
						TestTargetID = C2C0F1AE20215FBC003687CD;
					};
				};
			};
			buildConfigurationList = C2C0F1AA20215FBC003687CD /* Build configuration list for PBXProject "TDD_BOOK" */;
			compatibilityVersion = "Xcode 8.0";
			developmentRegion = en;
			hasScannedForEncodings = 0;
			knownRegions = (
				en,
				Base,
			);
			mainGroup = C2C0F1A620215FBC003687CD;
			productRefGroup = C2C0F1B020215FBC003687CD /* Products */;
			projectDirPath = "";
			projectRoot = "";
			targets = (
				C2C0F1AE20215FBC003687CD /* TDD_BOOK */,
				C2C0F1C72021632F003687CD /* TDD_BOOKTests */,
			);
		};
/* End PBXProject section */

/* Begin PBXResourcesBuildPhase section */
		C2C0F1AD20215FBC003687CD /* Resources */ = {
			isa = PBXResourcesBuildPhase;
			buildActionMask = 2147483647;
			files = (
				C2C0F1BD20215FBC003687CD /* LaunchScreen.storyboard in Resources */,
				C2C0F1BA20215FBC003687CD /* Assets.xcassets in Resources */,
				C2C0F1B820215FBC003687CD /* Main.storyboard in Resources */,
			);
			runOnlyForDeploymentPostprocessing = 0;
		};
		C2C0F1C62021632F003687CD /* Resources */ = {
			isa = PBXResourcesBuildPhase;
			buildActionMask = 2147483647;
			files = (
			);
			runOnlyForDeploymentPostprocessing = 0;
		};
/* End PBXResourcesBuildPhase section */

/* Begin PBXSourcesBuildPhase section */
		C2C0F1AB20215FBC003687CD /* Sources */ = {
			isa = PBXSourcesBuildPhase;
			buildActionMask = 2147483647;
			files = (
				C2BEE905202191F500CEDCAC /* Money.swift in Sources */,
				C2C0F1B520215FBC003687CD /* ViewController.swift in Sources */,
				C2BEE9092021BD9200CEDCAC /* Bank.swift in Sources */,
				C2C0F1B320215FBC003687CD /* AppDelegate.swift in Sources */,
				C2BEE9072021BD2500CEDCAC /* Expression.swift in Sources */,
				C2BEE90B2021BF9200CEDCAC /* Sum.swift in Sources */,
			);
			runOnlyForDeploymentPostprocessing = 0;
		};
		C2C0F1C42021632F003687CD /* Sources */ = {
			isa = PBXSourcesBuildPhase;
			buildActionMask = 2147483647;
			files = (
				C2C0F1CB2021632F003687CD /* TDD_BOOKTests.swift in Sources */,
			);
			runOnlyForDeploymentPostprocessing = 0;
		};
/* End PBXSourcesBuildPhase section */

/* Begin PBXTargetDependency section */
		C2C0F1CE2021632F003687CD /* PBXTargetDependency */ = {
			isa = PBXTargetDependency;
			target = C2C0F1AE20215FBC003687CD /* TDD_BOOK */;
			targetProxy = C2C0F1CD2021632F003687CD /* PBXContainerItemProxy */;
		};
/* End PBXTargetDependency section */

/* Begin PBXVariantGroup section */
		C2C0F1B620215FBC003687CD /* Main.storyboard */ = {
			isa = PBXVariantGroup;
			children = (
				C2C0F1B720215FBC003687CD /* Base */,
			);
			name = Main.storyboard;
			sourceTree = "<group>";
		};
		C2C0F1BB20215FBC003687CD /* LaunchScreen.storyboard */ = {
			isa = PBXVariantGroup;
			children = (
				C2C0F1BC20215FBC003687CD /* Base */,
			);
			name = LaunchScreen.storyboard;
			sourceTree = "<group>";
		};
/* End PBXVariantGroup section */

/* Begin XCBuildConfiguration section */
		C2C0F1BF20215FBC003687CD /* Debug */ = {
			isa = XCBuildConfiguration;
			buildSettings = {
				ALWAYS_SEARCH_USER_PATHS = NO;
				CLANG_ANALYZER_NONNULL = YES;
				CLANG_ANALYZER_NUMBER_OBJECT_CONVERSION = YES_AGGRESSIVE;
				CLANG_CXX_LANGUAGE_STANDARD = "gnu++14";
				CLANG_CXX_LIBRARY = "libc++";
				CLANG_ENABLE_MODULES = YES;
				CLANG_ENABLE_OBJC_ARC = YES;
				CLANG_WARN_BLOCK_CAPTURE_AUTORELEASING = YES;
				CLANG_WARN_BOOL_CONVERSION = YES;
				CLANG_WARN_COMMA = YES;
				CLANG_WARN_CONSTANT_CONVERSION = YES;
				CLANG_WARN_DIRECT_OBJC_ISA_USAGE = YES_ERROR;
				CLANG_WARN_DOCUMENTATION_COMMENTS = YES;
				CLANG_WARN_EMPTY_BODY = YES;
				CLANG_WARN_ENUM_CONVERSION = YES;
				CLANG_WARN_INFINITE_RECURSION = YES;
				CLANG_WARN_INT_CONVERSION = YES;
				CLANG_WARN_NON_LITERAL_NULL_CONVERSION = YES;
				CLANG_WARN_OBJC_LITERAL_CONVERSION = YES;
				CLANG_WARN_OBJC_ROOT_CLASS = YES_ERROR;
				CLANG_WARN_RANGE_LOOP_ANALYSIS = YES;
				CLANG_WARN_STRICT_PROTOTYPES = YES;
				CLANG_WARN_SUSPICIOUS_MOVE = YES;
				CLANG_WARN_UNGUARDED_AVAILABILITY = YES_AGGRESSIVE;
				CLANG_WARN_UNREACHABLE_CODE = YES;
				CLANG_WARN__DUPLICATE_METHOD_MATCH = YES;
				CODE_SIGN_IDENTITY = "iPhone Developer";
				COPY_PHASE_STRIP = NO;
				DEBUG_INFORMATION_FORMAT = dwarf;
				ENABLE_STRICT_OBJC_MSGSEND = YES;
				ENABLE_TESTABILITY = YES;
				GCC_C_LANGUAGE_STANDARD = gnu11;
				GCC_DYNAMIC_NO_PIC = NO;
				GCC_NO_COMMON_BLOCKS = YES;
				GCC_OPTIMIZATION_LEVEL = 0;
				GCC_PREPROCESSOR_DEFINITIONS = (
					"DEBUG=1",
					"$(inherited)",
				);
				GCC_WARN_64_TO_32_BIT_CONVERSION = YES;
				GCC_WARN_ABOUT_RETURN_TYPE = YES_ERROR;
				GCC_WARN_UNDECLARED_SELECTOR = YES;
				GCC_WARN_UNINITIALIZED_AUTOS = YES_AGGRESSIVE;
				GCC_WARN_UNUSED_FUNCTION = YES;
				GCC_WARN_UNUSED_VARIABLE = YES;
				IPHONEOS_DEPLOYMENT_TARGET = 11.2;
				MTL_ENABLE_DEBUG_INFO = YES;
				ONLY_ACTIVE_ARCH = YES;
				SDKROOT = iphoneos;
				SWIFT_ACTIVE_COMPILATION_CONDITIONS = DEBUG;
				SWIFT_OPTIMIZATION_LEVEL = "-Onone";
			};
			name = Debug;
		};
		C2C0F1C020215FBC003687CD /* Release */ = {
			isa = XCBuildConfiguration;
			buildSettings = {
				ALWAYS_SEARCH_USER_PATHS = NO;
				CLANG_ANALYZER_NONNULL = YES;
				CLANG_ANALYZER_NUMBER_OBJECT_CONVERSION = YES_AGGRESSIVE;
				CLANG_CXX_LANGUAGE_STANDARD = "gnu++14";
				CLANG_CXX_LIBRARY = "libc++";
				CLANG_ENABLE_MODULES = YES;
				CLANG_ENABLE_OBJC_ARC = YES;
				CLANG_WARN_BLOCK_CAPTURE_AUTORELEASING = YES;
				CLANG_WARN_BOOL_CONVERSION = YES;
				CLANG_WARN_COMMA = YES;
				CLANG_WARN_CONSTANT_CONVERSION = YES;
				CLANG_WARN_DIRECT_OBJC_ISA_USAGE = YES_ERROR;
				CLANG_WARN_DOCUMENTATION_COMMENTS = YES;
				CLANG_WARN_EMPTY_BODY = YES;
				CLANG_WARN_ENUM_CONVERSION = YES;
				CLANG_WARN_INFINITE_RECURSION = YES;
				CLANG_WARN_INT_CONVERSION = YES;
				CLANG_WARN_NON_LITERAL_NULL_CONVERSION = YES;
				CLANG_WARN_OBJC_LITERAL_CONVERSION = YES;
				CLANG_WARN_OBJC_ROOT_CLASS = YES_ERROR;
				CLANG_WARN_RANGE_LOOP_ANALYSIS = YES;
				CLANG_WARN_STRICT_PROTOTYPES = YES;
				CLANG_WARN_SUSPICIOUS_MOVE = YES;
				CLANG_WARN_UNGUARDED_AVAILABILITY = YES_AGGRESSIVE;
				CLANG_WARN_UNREACHABLE_CODE = YES;
				CLANG_WARN__DUPLICATE_METHOD_MATCH = YES;
				CODE_SIGN_IDENTITY = "iPhone Developer";
				COPY_PHASE_STRIP = NO;
				DEBUG_INFORMATION_FORMAT = "dwarf-with-dsym";
				ENABLE_NS_ASSERTIONS = NO;
				ENABLE_STRICT_OBJC_MSGSEND = YES;
				GCC_C_LANGUAGE_STANDARD = gnu11;
				GCC_NO_COMMON_BLOCKS = YES;
				GCC_WARN_64_TO_32_BIT_CONVERSION = YES;
				GCC_WARN_ABOUT_RETURN_TYPE = YES_ERROR;
				GCC_WARN_UNDECLARED_SELECTOR = YES;
				GCC_WARN_UNINITIALIZED_AUTOS = YES_AGGRESSIVE;
				GCC_WARN_UNUSED_FUNCTION = YES;
				GCC_WARN_UNUSED_VARIABLE = YES;
				IPHONEOS_DEPLOYMENT_TARGET = 11.2;
				MTL_ENABLE_DEBUG_INFO = NO;
				SDKROOT = iphoneos;
				SWIFT_OPTIMIZATION_LEVEL = "-Owholemodule";
				VALIDATE_PRODUCT = YES;
			};
			name = Release;
		};
		C2C0F1C220215FBC003687CD /* Debug */ = {
			isa = XCBuildConfiguration;
			buildSettings = {
				ASSETCATALOG_COMPILER_APPICON_NAME = AppIcon;
				CODE_SIGN_STYLE = Automatic;
				DEVELOPMENT_TEAM = 47ALTKYKM4;
				INFOPLIST_FILE = TDD_BOOK/Info.plist;
				LD_RUNPATH_SEARCH_PATHS = "$(inherited) @executable_path/Frameworks";
				PRODUCT_BUNDLE_IDENTIFIER = "com.kotalab.TDD-BOOK";
				PRODUCT_NAME = "$(TARGET_NAME)";
				SWIFT_VERSION = 4.0;
				TARGETED_DEVICE_FAMILY = "1,2";
			};
			name = Debug;
		};
		C2C0F1C320215FBC003687CD /* Release */ = {
			isa = XCBuildConfiguration;
			buildSettings = {
				ASSETCATALOG_COMPILER_APPICON_NAME = AppIcon;
				CODE_SIGN_STYLE = Automatic;
				DEVELOPMENT_TEAM = 47ALTKYKM4;
				INFOPLIST_FILE = TDD_BOOK/Info.plist;
				LD_RUNPATH_SEARCH_PATHS = "$(inherited) @executable_path/Frameworks";
				PRODUCT_BUNDLE_IDENTIFIER = "com.kotalab.TDD-BOOK";
				PRODUCT_NAME = "$(TARGET_NAME)";
				SWIFT_VERSION = 4.0;
				TARGETED_DEVICE_FAMILY = "1,2";
			};
			name = Release;
		};
		C2C0F1D02021632F003687CD /* Debug */ = {
			isa = XCBuildConfiguration;
			buildSettings = {
				BUNDLE_LOADER = "$(TEST_HOST)";
				CODE_SIGN_STYLE = Automatic;
				DEVELOPMENT_TEAM = 47ALTKYKM4;
				INFOPLIST_FILE = TDD_BOOKTests/Info.plist;
				LD_RUNPATH_SEARCH_PATHS = "$(inherited) @executable_path/Frameworks @loader_path/Frameworks";
				PRODUCT_BUNDLE_IDENTIFIER = "com.kotalab.TDD-BOOKTests";
				PRODUCT_NAME = "$(TARGET_NAME)";
				SWIFT_VERSION = 4.0;
				TARGETED_DEVICE_FAMILY = "1,2";
				TEST_HOST = "$(BUILT_PRODUCTS_DIR)/TDD_BOOK.app/TDD_BOOK";
			};
			name = Debug;
		};
		C2C0F1D12021632F003687CD /* Release */ = {
			isa = XCBuildConfiguration;
			buildSettings = {
				BUNDLE_LOADER = "$(TEST_HOST)";
				CODE_SIGN_STYLE = Automatic;
				DEVELOPMENT_TEAM = 47ALTKYKM4;
				INFOPLIST_FILE = TDD_BOOKTests/Info.plist;
				LD_RUNPATH_SEARCH_PATHS = "$(inherited) @executable_path/Frameworks @loader_path/Frameworks";
				PRODUCT_BUNDLE_IDENTIFIER = "com.kotalab.TDD-BOOKTests";
				PRODUCT_NAME = "$(TARGET_NAME)";
				SWIFT_VERSION = 4.0;
				TARGETED_DEVICE_FAMILY = "1,2";
				TEST_HOST = "$(BUILT_PRODUCTS_DIR)/TDD_BOOK.app/TDD_BOOK";
			};
			name = Release;
		};
/* End XCBuildConfiguration section */

/* Begin XCConfigurationList section */
		C2C0F1AA20215FBC003687CD /* Build configuration list for PBXProject "TDD_BOOK" */ = {
			isa = XCConfigurationList;
			buildConfigurations = (
				C2C0F1BF20215FBC003687CD /* Debug */,
				C2C0F1C020215FBC003687CD /* Release */,
			);
			defaultConfigurationIsVisible = 0;
			defaultConfigurationName = Release;
		};
		C2C0F1C120215FBC003687CD /* Build configuration list for PBXNativeTarget "TDD_BOOK" */ = {
			isa = XCConfigurationList;
			buildConfigurations = (
				C2C0F1C220215FBC003687CD /* Debug */,
				C2C0F1C320215FBC003687CD /* Release */,
			);
			defaultConfigurationIsVisible = 0;
			defaultConfigurationName = Release;
		};
		C2C0F1CF2021632F003687CD /* Build configuration list for PBXNativeTarget "TDD_BOOKTests" */ = {
			isa = XCConfigurationList;
			buildConfigurations = (
				C2C0F1D02021632F003687CD /* Debug */,
				C2C0F1D12021632F003687CD /* Release */,
			);
			defaultConfigurationIsVisible = 0;
			defaultConfigurationName = Release;
		};
/* End XCConfigurationList section */
	};
	rootObject = C2C0F1A720215FBC003687CD /* Project object */;
}
